// !$*UTF8*$!
{
	archiveVersion = 1;
	classes = {
	};
	objectVersion = 46;
	objects = {

/* Begin PBXBuildFile section */
		4FDC6F081ED18F54009F53A3 /* AppDelegate.swift in Sources */ = {isa = PBXBuildFile; fileRef = 4FDC6F071ED18F54009F53A3 /* AppDelegate.swift */; };
		4FDC6F0A1ED18F54009F53A3 /* ViewController.swift in Sources */ = {isa = PBXBuildFile; fileRef = 4FDC6F091ED18F54009F53A3 /* ViewController.swift */; };
		4FDC6F0D1ED18F54009F53A3 /* Main.storyboard in Resources */ = {isa = PBXBuildFile; fileRef = 4FDC6F0B1ED18F54009F53A3 /* Main.storyboard */; };
		4FDC6F101ED18F55009F53A3 /* OhNaMi.xcdatamodeld in Sources */ = {isa = PBXBuildFile; fileRef = 4FDC6F0E1ED18F55009F53A3 /* OhNaMi.xcdatamodeld */; };
		4FDC6F121ED18F55009F53A3 /* Assets.xcassets in Resources */ = {isa = PBXBuildFile; fileRef = 4FDC6F111ED18F55009F53A3 /* Assets.xcassets */; };
		4FDC6F151ED18F55009F53A3 /* LaunchScreen.storyboard in Resources */ = {isa = PBXBuildFile; fileRef = 4FDC6F131ED18F55009F53A3 /* LaunchScreen.storyboard */; };
		4FDC6F201ED18F55009F53A3 /* OhNaMiTests.swift in Sources */ = {isa = PBXBuildFile; fileRef = 4FDC6F1F1ED18F55009F53A3 /* OhNaMiTests.swift */; };
		4FDC6F2B1ED18F55009F53A3 /* OhNaMiUITests.swift in Sources */ = {isa = PBXBuildFile; fileRef = 4FDC6F2A1ED18F55009F53A3 /* OhNaMiUITests.swift */; };
/* End PBXBuildFile section */

/* Begin PBXContainerItemProxy section */
		4FDC6F1C1ED18F55009F53A3 /* PBXContainerItemProxy */ = {
			isa = PBXContainerItemProxy;
			containerPortal = 4FDC6EFC1ED18F54009F53A3 /* Project object */;
			proxyType = 1;
			remoteGlobalIDString = 4FDC6F031ED18F54009F53A3;
			remoteInfo = OhNaMi;
		};
		4FDC6F271ED18F55009F53A3 /* PBXContainerItemProxy */ = {
			isa = PBXContainerItemProxy;
			containerPortal = 4FDC6EFC1ED18F54009F53A3 /* Project object */;
			proxyType = 1;
			remoteGlobalIDString = 4FDC6F031ED18F54009F53A3;
			remoteInfo = OhNaMi;
		};
/* End PBXContainerItemProxy section */

/* Begin PBXFileReference section */
		4FDC6F041ED18F54009F53A3 /* OhNaMi.app */ = {isa = PBXFileReference; explicitFileType = wrapper.application; includeInIndex = 0; path = OhNaMi.app; sourceTree = BUILT_PRODUCTS_DIR; };
		4FDC6F071ED18F54009F53A3 /* AppDelegate.swift */ = {isa = PBXFileReference; lastKnownFileType = sourcecode.swift; path = AppDelegate.swift; sourceTree = "<group>"; };
		4FDC6F091ED18F54009F53A3 /* ViewController.swift */ = {isa = PBXFileReference; lastKnownFileType = sourcecode.swift; path = ViewController.swift; sourceTree = "<group>"; };
		4FDC6F0C1ED18F54009F53A3 /* Base */ = {isa = PBXFileReference; lastKnownFileType = file.storyboard; name = Base; path = Base.lproj/Main.storyboard; sourceTree = "<group>"; };
		4FDC6F0F1ED18F55009F53A3 /* OhNaMi.xcdatamodel */ = {isa = PBXFileReference; lastKnownFileType = wrapper.xcdatamodel; path = OhNaMi.xcdatamodel; sourceTree = "<group>"; };
		4FDC6F111ED18F55009F53A3 /* Assets.xcassets */ = {isa = PBXFileReference; lastKnownFileType = folder.assetcatalog; path = Assets.xcassets; sourceTree = "<group>"; };
		4FDC6F141ED18F55009F53A3 /* Base */ = {isa = PBXFileReference; lastKnownFileType = file.storyboard; name = Base; path = Base.lproj/LaunchScreen.storyboard; sourceTree = "<group>"; };
		4FDC6F161ED18F55009F53A3 /* Info.plist */ = {isa = PBXFileReference; lastKnownFileType = text.plist.xml; path = Info.plist; sourceTree = "<group>"; };
		4FDC6F1B1ED18F55009F53A3 /* OhNaMiTests.xctest */ = {isa = PBXFileReference; explicitFileType = wrapper.cfbundle; includeInIndex = 0; path = OhNaMiTests.xctest; sourceTree = BUILT_PRODUCTS_DIR; };
		4FDC6F1F1ED18F55009F53A3 /* OhNaMiTests.swift */ = {isa = PBXFileReference; lastKnownFileType = sourcecode.swift; path = OhNaMiTests.swift; sourceTree = "<group>"; };
		4FDC6F211ED18F55009F53A3 /* Info.plist */ = {isa = PBXFileReference; lastKnownFileType = text.plist.xml; path = Info.plist; sourceTree = "<group>"; };
		4FDC6F261ED18F55009F53A3 /* OhNaMiUITests.xctest */ = {isa = PBXFileReference; explicitFileType = wrapper.cfbundle; includeInIndex = 0; path = OhNaMiUITests.xctest; sourceTree = BUILT_PRODUCTS_DIR; };
		4FDC6F2A1ED18F55009F53A3 /* OhNaMiUITests.swift */ = {isa = PBXFileReference; lastKnownFileType = sourcecode.swift; path = OhNaMiUITests.swift; sourceTree = "<group>"; };
		4FDC6F2C1ED18F55009F53A3 /* Info.plist */ = {isa = PBXFileReference; lastKnownFileType = text.plist.xml; path = Info.plist; sourceTree = "<group>"; };
/* End PBXFileReference section */

/* Begin PBXFrameworksBuildPhase section */
		4FDC6F011ED18F54009F53A3 /* Frameworks */ = {
			isa = PBXFrameworksBuildPhase;
			buildActionMask = 2147483647;
			files = (
			);
			runOnlyForDeploymentPostprocessing = 0;
		};
		4FDC6F181ED18F55009F53A3 /* Frameworks */ = {
			isa = PBXFrameworksBuildPhase;
			buildActionMask = 2147483647;
			files = (
			);
			runOnlyForDeploymentPostprocessing = 0;
		};
		4FDC6F231ED18F55009F53A3 /* Frameworks */ = {
			isa = PBXFrameworksBuildPhase;
			buildActionMask = 2147483647;
			files = (
			);
			runOnlyForDeploymentPostprocessing = 0;
		};
/* End PBXFrameworksBuildPhase section */

/* Begin PBXGroup section */
		4FDC6EFB1ED18F54009F53A3 = {
			isa = PBXGroup;
			children = (
				4FDC6F061ED18F54009F53A3 /* OhNaMi */,
				4FDC6F1E1ED18F55009F53A3 /* OhNaMiTests */,
				4FDC6F291ED18F55009F53A3 /* OhNaMiUITests */,
				4FDC6F051ED18F54009F53A3 /* Products */,
			);
			sourceTree = "<group>";
		};
		4FDC6F051ED18F54009F53A3 /* Products */ = {
			isa = PBXGroup;
			children = (
				4FDC6F041ED18F54009F53A3 /* OhNaMi.app */,
				4FDC6F1B1ED18F55009F53A3 /* OhNaMiTests.xctest */,
				4FDC6F261ED18F55009F53A3 /* OhNaMiUITests.xctest */,
			);
			name = Products;
			sourceTree = "<group>";
		};
		4FDC6F061ED18F54009F53A3 /* OhNaMi */ = {
			isa = PBXGroup;
			children = (
				4FDC6F071ED18F54009F53A3 /* AppDelegate.swift */,
				4FDC6F091ED18F54009F53A3 /* ViewController.swift */,
				4FDC6F0B1ED18F54009F53A3 /* Main.storyboard */,
				4FDC6F111ED18F55009F53A3 /* Assets.xcassets */,
				4FDC6F131ED18F55009F53A3 /* LaunchScreen.storyboard */,
				4FDC6F161ED18F55009F53A3 /* Info.plist */,
				4FDC6F0E1ED18F55009F53A3 /* OhNaMi.xcdatamodeld */,
			);
			path = OhNaMi;
			sourceTree = "<group>";
		};
		4FDC6F1E1ED18F55009F53A3 /* OhNaMiTests */ = {
			isa = PBXGroup;
			children = (
				4FDC6F1F1ED18F55009F53A3 /* OhNaMiTests.swift */,
				4FDC6F211ED18F55009F53A3 /* Info.plist */,
			);
			path = OhNaMiTests;
			sourceTree = "<group>";
		};
		4FDC6F291ED18F55009F53A3 /* OhNaMiUITests */ = {
			isa = PBXGroup;
			children = (
				4FDC6F2A1ED18F55009F53A3 /* OhNaMiUITests.swift */,
				4FDC6F2C1ED18F55009F53A3 /* Info.plist */,
			);
			path = OhNaMiUITests;
			sourceTree = "<group>";
		};
/* End PBXGroup section */

/* Begin PBXNativeTarget section */
		4FDC6F031ED18F54009F53A3 /* OhNaMi */ = {
			isa = PBXNativeTarget;
			buildConfigurationList = 4FDC6F2F1ED18F55009F53A3 /* Build configuration list for PBXNativeTarget "OhNaMi" */;
			buildPhases = (
				4FDC6F001ED18F54009F53A3 /* Sources */,
				4FDC6F011ED18F54009F53A3 /* Frameworks */,
				4FDC6F021ED18F54009F53A3 /* Resources */,
			);
			buildRules = (
			);
			dependencies = (
			);
			name = OhNaMi;
			productName = OhNaMi;
			productReference = 4FDC6F041ED18F54009F53A3 /* OhNaMi.app */;
			productType = "com.apple.product-type.application";
		};
		4FDC6F1A1ED18F55009F53A3 /* OhNaMiTests */ = {
			isa = PBXNativeTarget;
			buildConfigurationList = 4FDC6F321ED18F55009F53A3 /* Build configuration list for PBXNativeTarget "OhNaMiTests" */;
			buildPhases = (
				4FDC6F171ED18F55009F53A3 /* Sources */,
				4FDC6F181ED18F55009F53A3 /* Frameworks */,
				4FDC6F191ED18F55009F53A3 /* Resources */,
			);
			buildRules = (
			);
			dependencies = (
				4FDC6F1D1ED18F55009F53A3 /* PBXTargetDependency */,
			);
			name = OhNaMiTests;
			productName = OhNaMiTests;
			productReference = 4FDC6F1B1ED18F55009F53A3 /* OhNaMiTests.xctest */;
			productType = "com.apple.product-type.bundle.unit-test";
		};
		4FDC6F251ED18F55009F53A3 /* OhNaMiUITests */ = {
			isa = PBXNativeTarget;
			buildConfigurationList = 4FDC6F351ED18F55009F53A3 /* Build configuration list for PBXNativeTarget "OhNaMiUITests" */;
			buildPhases = (
				4FDC6F221ED18F55009F53A3 /* Sources */,
				4FDC6F231ED18F55009F53A3 /* Frameworks */,
				4FDC6F241ED18F55009F53A3 /* Resources */,
			);
			buildRules = (
			);
			dependencies = (
				4FDC6F281ED18F55009F53A3 /* PBXTargetDependency */,
			);
			name = OhNaMiUITests;
			productName = OhNaMiUITests;
			productReference = 4FDC6F261ED18F55009F53A3 /* OhNaMiUITests.xctest */;
			productType = "com.apple.product-type.bundle.ui-testing";
		};
/* End PBXNativeTarget section */

/* Begin PBXProject section */
		4FDC6EFC1ED18F54009F53A3 /* Project object */ = {
			isa = PBXProject;
			attributes = {
				LastSwiftUpdateCheck = 0830;
				LastUpgradeCheck = 0830;
				ORGANIZATIONNAME = Froglab;
				TargetAttributes = {
					4FDC6F031ED18F54009F53A3 = {
						CreatedOnToolsVersion = 8.3.2;
						DevelopmentTeam = X53GZ83749;
						ProvisioningStyle = Automatic;
					};
					4FDC6F1A1ED18F55009F53A3 = {
						CreatedOnToolsVersion = 8.3.2;
						DevelopmentTeam = X53GZ83749;
						ProvisioningStyle = Automatic;
						TestTargetID = 4FDC6F031ED18F54009F53A3;
					};
					4FDC6F251ED18F55009F53A3 = {
						CreatedOnToolsVersion = 8.3.2;
						DevelopmentTeam = X53GZ83749;
						ProvisioningStyle = Automatic;
						TestTargetID = 4FDC6F031ED18F54009F53A3;
					};
				};
			};
			buildConfigurationList = 4FDC6EFF1ED18F54009F53A3 /* Build configuration list for PBXProject "OhNaMi" */;
			compatibilityVersion = "Xcode 3.2";
			developmentRegion = English;
			hasScannedForEncodings = 0;
			knownRegions = (
				en,
				Base,
			);
			mainGroup = 4FDC6EFB1ED18F54009F53A3;
			productRefGroup = 4FDC6F051ED18F54009F53A3 /* Products */;
			projectDirPath = "";
			projectRoot = "";
			targets = (
				4FDC6F031ED18F54009F53A3 /* OhNaMi */,
				4FDC6F1A1ED18F55009F53A3 /* OhNaMiTests */,
				4FDC6F251ED18F55009F53A3 /* OhNaMiUITests */,
			);
		};
/* End PBXProject section */

/* Begin PBXResourcesBuildPhase section */
		4FDC6F021ED18F54009F53A3 /* Resources */ = {
			isa = PBXResourcesBuildPhase;
			buildActionMask = 2147483647;
			files = (
				4FDC6F151ED18F55009F53A3 /* LaunchScreen.storyboard in Resources */,
				4FDC6F121ED18F55009F53A3 /* Assets.xcassets in Resources */,
				4FDC6F0D1ED18F54009F53A3 /* Main.storyboard in Resources */,
			);
			runOnlyForDeploymentPostprocessing = 0;
		};
		4FDC6F191ED18F55009F53A3 /* Resources */ = {
			isa = PBXResourcesBuildPhase;
			buildActionMask = 2147483647;
			files = (
			);
			runOnlyForDeploymentPostprocessing = 0;
		};
		4FDC6F241ED18F55009F53A3 /* Resources */ = {
			isa = PBXResourcesBuildPhase;
			buildActionMask = 2147483647;
			files = (
			);
			runOnlyForDeploymentPostprocessing = 0;
		};
/* End PBXResourcesBuildPhase section */

/* Begin PBXSourcesBuildPhase section */
		4FDC6F001ED18F54009F53A3 /* Sources */ = {
			isa = PBXSourcesBuildPhase;
			buildActionMask = 2147483647;
			files = (
				4FDC6F101ED18F55009F53A3 /* OhNaMi.xcdatamodeld in Sources */,
				4FDC6F0A1ED18F54009F53A3 /* ViewController.swift in Sources */,
				4FDC6F081ED18F54009F53A3 /* AppDelegate.swift in Sources */,
			);
			runOnlyForDeploymentPostprocessing = 0;
		};
		4FDC6F171ED18F55009F53A3 /* Sources */ = {
			isa = PBXSourcesBuildPhase;
			buildActionMask = 2147483647;
			files = (
				4FDC6F201ED18F55009F53A3 /* OhNaMiTests.swift in Sources */,
			);
			runOnlyForDeploymentPostprocessing = 0;
		};
		4FDC6F221ED18F55009F53A3 /* Sources */ = {
			isa = PBXSourcesBuildPhase;
			buildActionMask = 2147483647;
			files = (
				4FDC6F2B1ED18F55009F53A3 /* OhNaMiUITests.swift in Sources */,
			);
			runOnlyForDeploymentPostprocessing = 0;
		};
/* End PBXSourcesBuildPhase section */

/* Begin PBXTargetDependency section */
		4FDC6F1D1ED18F55009F53A3 /* PBXTargetDependency */ = {
			isa = PBXTargetDependency;
			target = 4FDC6F031ED18F54009F53A3 /* OhNaMi */;
			targetProxy = 4FDC6F1C1ED18F55009F53A3 /* PBXContainerItemProxy */;
		};
		4FDC6F281ED18F55009F53A3 /* PBXTargetDependency */ = {
			isa = PBXTargetDependency;
			target = 4FDC6F031ED18F54009F53A3 /* OhNaMi */;
			targetProxy = 4FDC6F271ED18F55009F53A3 /* PBXContainerItemProxy */;
		};
/* End PBXTargetDependency section */

/* Begin PBXVariantGroup section */
		4FDC6F0B1ED18F54009F53A3 /* Main.storyboard */ = {
			isa = PBXVariantGroup;
			children = (
				4FDC6F0C1ED18F54009F53A3 /* Base */,
			);
			name = Main.storyboard;
			sourceTree = "<group>";
		};
		4FDC6F131ED18F55009F53A3 /* LaunchScreen.storyboard */ = {
			isa = PBXVariantGroup;
			children = (
				4FDC6F141ED18F55009F53A3 /* Base */,
			);
			name = LaunchScreen.storyboard;
			sourceTree = "<group>";
		};
/* End PBXVariantGroup section */

/* Begin XCBuildConfiguration section */
		4FDC6F2D1ED18F55009F53A3 /* Debug */ = {
			isa = XCBuildConfiguration;
			buildSettings = {
				ALWAYS_SEARCH_USER_PATHS = NO;
				CLANG_ANALYZER_NONNULL = YES;
				CLANG_ANALYZER_NUMBER_OBJECT_CONVERSION = YES_AGGRESSIVE;
				CLANG_CXX_LANGUAGE_STANDARD = "gnu++0x";
				CLANG_CXX_LIBRARY = "libc++";
				CLANG_ENABLE_MODULES = YES;
				CLANG_ENABLE_OBJC_ARC = YES;
				CLANG_WARN_BOOL_CONVERSION = YES;
				CLANG_WARN_CONSTANT_CONVERSION = YES;
				CLANG_WARN_DIRECT_OBJC_ISA_USAGE = YES_ERROR;
				CLANG_WARN_DOCUMENTATION_COMMENTS = YES;
				CLANG_WARN_EMPTY_BODY = YES;
				CLANG_WARN_ENUM_CONVERSION = YES;
				CLANG_WARN_INFINITE_RECURSION = YES;
				CLANG_WARN_INT_CONVERSION = YES;
				CLANG_WARN_OBJC_ROOT_CLASS = YES_ERROR;
				CLANG_WARN_SUSPICIOUS_MOVE = YES;
				CLANG_WARN_UNREACHABLE_CODE = YES;
				CLANG_WARN__DUPLICATE_METHOD_MATCH = YES;
				"CODE_SIGN_IDENTITY[sdk=iphoneos*]" = "iPhone Developer";
				COPY_PHASE_STRIP = NO;
				DEBUG_INFORMATION_FORMAT = dwarf;
				ENABLE_STRICT_OBJC_MSGSEND = YES;
				ENABLE_TESTABILITY = YES;
				GCC_C_LANGUAGE_STANDARD = gnu99;
				GCC_DYNAMIC_NO_PIC = NO;
				GCC_NO_COMMON_BLOCKS = YES;
				GCC_OPTIMIZATION_LEVEL = 0;
				GCC_PREPROCESSOR_DEFINITIONS = (
					"DEBUG=1",
					"$(inherited)",
				);
				GCC_WARN_64_TO_32_BIT_CONVERSION = YES;
				GCC_WARN_ABOUT_RETURN_TYPE = YES_ERROR;
				GCC_WARN_UNDECLARED_SELECTOR = YES;
				GCC_WARN_UNINITIALIZED_AUTOS = YES_AGGRESSIVE;
				GCC_WARN_UNUSED_FUNCTION = YES;
				GCC_WARN_UNUSED_VARIABLE = YES;
				IPHONEOS_DEPLOYMENT_TARGET = 10.3;
				MTL_ENABLE_DEBUG_INFO = YES;
				ONLY_ACTIVE_ARCH = YES;
				SDKROOT = iphoneos;
				SWIFT_ACTIVE_COMPILATION_CONDITIONS = DEBUG;
				SWIFT_OPTIMIZATION_LEVEL = "-Onone";
				TARGETED_DEVICE_FAMILY = "1,2";
			};
			name = Debug;
		};
		4FDC6F2E1ED18F55009F53A3 /* Release */ = {
			isa = XCBuildConfiguration;
			buildSettings = {
				ALWAYS_SEARCH_USER_PATHS = NO;
				CLANG_ANALYZER_NONNULL = YES;
				CLANG_ANALYZER_NUMBER_OBJECT_CONVERSION = YES_AGGRESSIVE;
				CLANG_CXX_LANGUAGE_STANDARD = "gnu++0x";
				CLANG_CXX_LIBRARY = "libc++";
				CLANG_ENABLE_MODULES = YES;
				CLANG_ENABLE_OBJC_ARC = YES;
				CLANG_WARN_BOOL_CONVERSION = YES;
				CLANG_WARN_CONSTANT_CONVERSION = YES;
				CLANG_WARN_DIRECT_OBJC_ISA_USAGE = YES_ERROR;
				CLANG_WARN_DOCUMENTATION_COMMENTS = YES;
				CLANG_WARN_EMPTY_BODY = YES;
				CLANG_WARN_ENUM_CONVERSION = YES;
				CLANG_WARN_INFINITE_RECURSION = YES;
				CLANG_WARN_INT_CONVERSION = YES;
				CLANG_WARN_OBJC_ROOT_CLASS = YES_ERROR;
				CLANG_WARN_SUSPICIOUS_MOVE = YES;
				CLANG_WARN_UNREACHABLE_CODE = YES;
				CLANG_WARN__DUPLICATE_METHOD_MATCH = YES;
				"CODE_SIGN_IDENTITY[sdk=iphoneos*]" = "iPhone Developer";
				COPY_PHASE_STRIP = NO;
				DEBUG_INFORMATION_FORMAT = "dwarf-with-dsym";
				ENABLE_NS_ASSERTIONS = NO;
				ENABLE_STRICT_OBJC_MSGSEND = YES;
				GCC_C_LANGUAGE_STANDARD = gnu99;
				GCC_NO_COMMON_BLOCKS = YES;
				GCC_WARN_64_TO_32_BIT_CONVERSION = YES;
				GCC_WARN_ABOUT_RETURN_TYPE = YES_ERROR;
				GCC_WARN_UNDECLARED_SELECTOR = YES;
				GCC_WARN_UNINITIALIZED_AUTOS = YES_AGGRESSIVE;
				GCC_WARN_UNUSED_FUNCTION = YES;
				GCC_WARN_UNUSED_VARIABLE = YES;
				IPHONEOS_DEPLOYMENT_TARGET = 10.3;
				MTL_ENABLE_DEBUG_INFO = NO;
				SDKROOT = iphoneos;
				SWIFT_OPTIMIZATION_LEVEL = "-Owholemodule";
				TARGETED_DEVICE_FAMILY = "1,2";
				VALIDATE_PRODUCT = YES;
			};
			name = Release;
		};
		4FDC6F301ED18F55009F53A3 /* Debug */ = {
			isa = XCBuildConfiguration;
			buildSettings = {
				ASSETCATALOG_COMPILER_APPICON_NAME = AppIcon;
				DEVELOPMENT_TEAM = X53GZ83749;
				INFOPLIST_FILE = OhNaMi/Info.plist;
				LD_RUNPATH_SEARCH_PATHS = "$(inherited) @executable_path/Frameworks";
				PRODUCT_BUNDLE_IDENTIFIER = com.FrogLAB.OhNaMi;
				PRODUCT_NAME = "$(TARGET_NAME)";
				SWIFT_VERSION = 3.0;
			};
			name = Debug;
		};
		4FDC6F311ED18F55009F53A3 /* Release */ = {
			isa = XCBuildConfiguration;
			buildSettings = {
				ASSETCATALOG_COMPILER_APPICON_NAME = AppIcon;
				DEVELOPMENT_TEAM = X53GZ83749;
				INFOPLIST_FILE = OhNaMi/Info.plist;
				LD_RUNPATH_SEARCH_PATHS = "$(inherited) @executable_path/Frameworks";
				PRODUCT_BUNDLE_IDENTIFIER = com.FrogLAB.OhNaMi;
				PRODUCT_NAME = "$(TARGET_NAME)";
				SWIFT_VERSION = 3.0;
			};
			name = Release;
		};
		4FDC6F331ED18F55009F53A3 /* Debug */ = {
			isa = XCBuildConfiguration;
			buildSettings = {
				ALWAYS_EMBED_SWIFT_STANDARD_LIBRARIES = YES;
				BUNDLE_LOADER = "$(TEST_HOST)";
				DEVELOPMENT_TEAM = X53GZ83749;
				INFOPLIST_FILE = OhNaMiTests/Info.plist;
				LD_RUNPATH_SEARCH_PATHS = "$(inherited) @executable_path/Frameworks @loader_path/Frameworks";
				PRODUCT_BUNDLE_IDENTIFIER = com.FrogLAB.OhNaMiTests;
				PRODUCT_NAME = "$(TARGET_NAME)";
				SWIFT_VERSION = 3.0;
				TEST_HOST = "$(BUILT_PRODUCTS_DIR)/OhNaMi.app/OhNaMi";
			};
			name = Debug;
		};
		4FDC6F341ED18F55009F53A3 /* Release */ = {
			isa = XCBuildConfiguration;
			buildSettings = {
				ALWAYS_EMBED_SWIFT_STANDARD_LIBRARIES = YES;
				BUNDLE_LOADER = "$(TEST_HOST)";
				DEVELOPMENT_TEAM = X53GZ83749;
				INFOPLIST_FILE = OhNaMiTests/Info.plist;
				LD_RUNPATH_SEARCH_PATHS = "$(inherited) @executable_path/Frameworks @loader_path/Frameworks";
				PRODUCT_BUNDLE_IDENTIFIER = com.FrogLAB.OhNaMiTests;
				PRODUCT_NAME = "$(TARGET_NAME)";
				SWIFT_VERSION = 3.0;
				TEST_HOST = "$(BUILT_PRODUCTS_DIR)/OhNaMi.app/OhNaMi";
			};
			name = Release;
		};
		4FDC6F361ED18F55009F53A3 /* Debug */ = {
			isa = XCBuildConfiguration;
			buildSettings = {
				ALWAYS_EMBED_SWIFT_STANDARD_LIBRARIES = YES;
				DEVELOPMENT_TEAM = X53GZ83749;
				INFOPLIST_FILE = OhNaMiUITests/Info.plist;
				LD_RUNPATH_SEARCH_PATHS = "$(inherited) @executable_path/Frameworks @loader_path/Frameworks";
				PRODUCT_BUNDLE_IDENTIFIER = com.FrogLAB.OhNaMiUITests;
				PRODUCT_NAME = "$(TARGET_NAME)";
				SWIFT_VERSION = 3.0;
				TEST_TARGET_NAME = OhNaMi;
			};
			name = Debug;
		};
		4FDC6F371ED18F55009F53A3 /* Release */ = {
			isa = XCBuildConfiguration;
			buildSettings = {
				ALWAYS_EMBED_SWIFT_STANDARD_LIBRARIES = YES;
				DEVELOPMENT_TEAM = X53GZ83749;
				INFOPLIST_FILE = OhNaMiUITests/Info.plist;
				LD_RUNPATH_SEARCH_PATHS = "$(inherited) @executable_path/Frameworks @loader_path/Frameworks";
				PRODUCT_BUNDLE_IDENTIFIER = com.FrogLAB.OhNaMiUITests;
				PRODUCT_NAME = "$(TARGET_NAME)";
				SWIFT_VERSION = 3.0;
				TEST_TARGET_NAME = OhNaMi;
			};
			name = Release;
		};
/* End XCBuildConfiguration section */

/* Begin XCConfigurationList section */
		4FDC6EFF1ED18F54009F53A3 /* Build configuration list for PBXProject "OhNaMi" */ = {
			isa = XCConfigurationList;
			buildConfigurations = (
				4FDC6F2D1ED18F55009F53A3 /* Debug */,
				4FDC6F2E1ED18F55009F53A3 /* Release */,
			);
			defaultConfigurationIsVisible = 0;
			defaultConfigurationName = Release;
		};
		4FDC6F2F1ED18F55009F53A3 /* Build configuration list for PBXNativeTarget "OhNaMi" */ = {
			isa = XCConfigurationList;
			buildConfigurations = (
				4FDC6F301ED18F55009F53A3 /* Debug */,
				4FDC6F311ED18F55009F53A3 /* Release */,
			);
			defaultConfigurationIsVisible = 0;
		};
		4FDC6F321ED18F55009F53A3 /* Build configuration list for PBXNativeTarget "OhNaMiTests" */ = {
			isa = XCConfigurationList;
			buildConfigurations = (
				4FDC6F331ED18F55009F53A3 /* Debug */,
				4FDC6F341ED18F55009F53A3 /* Release */,
			);
			defaultConfigurationIsVisible = 0;
		};
		4FDC6F351ED18F55009F53A3 /* Build configuration list for PBXNativeTarget "OhNaMiUITests" */ = {
			isa = XCConfigurationList;
			buildConfigurations = (
				4FDC6F361ED18F55009F53A3 /* Debug */,
				4FDC6F371ED18F55009F53A3 /* Release */,
			);
			defaultConfigurationIsVisible = 0;
		};
/* End XCConfigurationList section */

/* Begin XCVersionGroup section */
		4FDC6F0E1ED18F55009F53A3 /* OhNaMi.xcdatamodeld */ = {
			isa = XCVersionGroup;
			children = (
				4FDC6F0F1ED18F55009F53A3 /* OhNaMi.xcdatamodel */,
			);
			currentVersion = 4FDC6F0F1ED18F55009F53A3 /* OhNaMi.xcdatamodel */;
			path = OhNaMi.xcdatamodeld;
			sourceTree = "<group>";
			versionGroupType = wrapper.xcdatamodel;
		};
/* End XCVersionGroup section */
	};
	rootObject = 4FDC6EFC1ED18F54009F53A3 /* Project object */;
}
